
Microsoft Visual Studio Solution File, Format Version 12.00
# Visual Studio Version 17
VisualStudioVersion = 17.0.31919.166
MinimumVisualStudioVersion = 10.0.40219.1
Project("{FAE04EC0-301F-11D3-BF4B-00C04F79EFBC}") = "SmallestMultiple", "SmallestMultiple.csproj", "{5FF36A52-3B85-47BC-887F-467B54A587FF}"
EndProject
Global
	GlobalSection(SolutionConfigurationPlatforms) = preSolution
		Debug|Any CPU = Debug|Any CPU
		Release|Any CPU = Release|Any CPU
	EndGlobalSection
	GlobalSection(ProjectConfigurationPlatforms) = postSolution
		{5FF36A52-3B85-47BC-887F-467B54A587FF}.Debug|Any CPU.ActiveCfg = Debug|Any CPU
		{5FF36A52-3B85-47BC-887F-467B54A587FF}.Debug|Any CPU.Build.0 = Debug|Any CPU
		{5FF36A52-3B85-47BC-887F-467B54A587FF}.Release|Any CPU.ActiveCfg = Release|Any CPU
		{5FF36A52-3B85-47BC-887F-467B54A587FF}.Release|Any CPU.Build.0 = Release|Any CPU
	EndGlobalSection
	GlobalSection(SolutionProperties) = preSolution
		HideSolutionNode = FALSE
	EndGlobalSection
	GlobalSection(ExtensibilityGlobals) = postSolution
		SolutionGuid = {3EE17F5E-ABE7-4ACF-A9D7-15FE060BB826}
	EndGlobalSection
EndGlobal
